
Microsoft Visual Studio Solution File, Format Version 12.00
# Visual Studio Version 16
VisualStudioVersion = 16.0.32929.386
MinimumVisualStudioVersion = 10.0.40219.1
Project("{FAE04EC0-301F-11D3-BF4B-00C04F79EFBC}") = "Employee Data", "Employee Data.csproj", "{B296D6BA-8CE4-4D22-93AF-1195B333EB85}"
EndProject
Global
	GlobalSection(SolutionConfigurationPlatforms) = preSolution
		Debug|Any CPU = Debug|Any CPU
		Release|Any CPU = Release|Any CPU
	EndGlobalSection
	GlobalSection(ProjectConfigurationPlatforms) = postSolution
		{B296D6BA-8CE4-4D22-93AF-1195B333EB85}.Debug|Any CPU.ActiveCfg = Debug|Any CPU
		{B296D6BA-8CE4-4D22-93AF-1195B333EB85}.Debug|Any CPU.Build.0 = Debug|Any CPU
		{B296D6BA-8CE4-4D22-93AF-1195B333EB85}.Release|Any CPU.ActiveCfg = Release|Any CPU
		{B296D6BA-8CE4-4D22-93AF-1195B333EB85}.Release|Any CPU.Build.0 = Release|Any CPU
	EndGlobalSection
	GlobalSection(SolutionProperties) = preSolution
		HideSolutionNode = FALSE
	EndGlobalSection
	GlobalSection(ExtensibilityGlobals) = postSolution
		SolutionGuid = {972575E0-07E6-4C77-886D-0E0684D94F4B}
	EndGlobalSection
EndGlobal
